<?xml version="1.0" encoding="utf-8"?>
<Project ToolsVersion="4.0" xmlns="http://schemas.microsoft.com/developer/msbuild/2003">
  <ItemGroup>
    <Filter Include="Archivos de origen">
      <UniqueIdentifier>{4FC737F1-C7A5-4376-A066-2A32D752A2FF}</UniqueIdentifier>
      <Extensions>cpp;c;cc;cxx;c++;cppm;ixx;def;odl;idl;hpj;bat;asm;asmx</Extensions>
    </Filter>
    <Filter Include="Archivos de encabezado">
      <UniqueIdentifier>{93995380-89BD-4b04-88EB-625FBE52EBFB}</UniqueIdentifier>
      <Extensions>h;hh;hpp;hxx;h++;hm;inl;inc;ipp;xsd</Extensions>
    </Filter>
    <Filter Include="Archivos de recursos">
      <UniqueIdentifier>{67DA6AB6-F800-4c08-8B7A-83BB121AAD01}</UniqueIdentifier>
      <Extensions>rc;ico;cur;bmp;dlg;rc2;rct;bin;rgs;gif;jpg;jpeg;jpe;resx;tiff;tif;png;wav;mfcribbon-ms</Extensions>
    </Filter>
    <Filter Include="Archivos de origen\Serialize">
      <UniqueIdentifier>{773e9f0a-6931-4ecc-ad8b-dd81ddfaa810}</UniqueIdentifier>
    </Filter>
    <Filter Include="Archivos de origen\Persistance">
      <UniqueIdentifier>{38fb1e54-c82b-46a6-8019-e96a45c7d177}</UniqueIdentifier>
    </Filter>
    <Filter Include="Archivos de origen\TrackerAsset">
      <UniqueIdentifier>{3411086c-3281-4826-b6b7-60795c62049b}</UniqueIdentifier>
    </Filter>
    <Filter Include="Archivos de encabezado\Persistance">
      <UniqueIdentifier>{97f8d1e3-71ea-4fb9-bc34-bb7ff0b4735f}</UniqueIdentifier>
    </Filter>
    <Filter Include="Archivos de encabezado\TrackerAsset">
      <UniqueIdentifier>{78f28af9-fa49-48b9-b999-d67ff501b9ac}</UniqueIdentifier>
    </Filter>
    <Filter Include="Archivos de encabezado\Serialize">
      <UniqueIdentifier>{cacac4d7-290a-4bcd-807c-2d67dfa8ea3b}</UniqueIdentifier>
    </Filter>
  </ItemGroup>
  <ItemGroup>
    <ClCompile Include="..\src\Tracker.cpp">
      <Filter>Archivos de origen</Filter>
    </ClCompile>
    <ClCompile Include="..\src\Persistance\IPersistence.cpp">
      <Filter>Archivos de origen\Persistance</Filter>
    </ClCompile>
    <ClCompile Include="..\src\TrackerAsset\ITrackerAsset.cpp">
      <Filter>Archivos de origen\TrackerAsset</Filter>
    </ClCompile>
    <ClCompile Include="..\src\Persistance\FilePersistence.cpp">
      <Filter>Archivos de origen\Persistance</Filter>
    </ClCompile>
    <ClCompile Include="..\src\Serialize\ISerializer.cpp">
      <Filter>Archivos de origen\Serialize</Filter>
    </ClCompile>
    <ClCompile Include="..\src\Serialize\JsonSerializer.cpp">
      <Filter>Archivos de origen\Serialize</Filter>
    </ClCompile>
  </ItemGroup>
  <ItemGroup>
    <ClInclude Include="..\src\Tracker.h">
      <Filter>Archivos de encabezado</Filter>
    </ClInclude>
    <ClInclude Include="..\src\Persistance\IPersistence.h">
      <Filter>Archivos de encabezado\Persistance</Filter>
    </ClInclude>
    <ClInclude Include="..\src\TrackerAsset\ITrackerAsset.h">
      <Filter>Archivos de encabezado\TrackerAsset</Filter>
    </ClInclude>
    <ClInclude Include="..\src\Persistance\FilePersistence.h">
      <Filter>Archivos de encabezado\Persistance</Filter>
    </ClInclude>
    <ClInclude Include="..\src\Serialize\ISerializer.h">
      <Filter>Archivos de encabezado\Serialize</Filter>
    </ClInclude>
    <ClInclude Include="..\src\Serialize\JsonSerializer.h">
      <Filter>Archivos de encabezado\Serialize</Filter>
    </ClInclude>
  </ItemGroup>
</Project>